{
  "object": {
    "pins": [
      {
        "package": "JuiceUI",
        "repositoryURL": "/Users/matthewwyskiel/Documents/Developer/iOS/Libraries/JuiceUI",
        "state": {
          "branch": "master",
          "revision": "d0d7dabe4c85df74b62c2ee8aebd34dd9c075441",
          "version": null
        }
      }
    ]
  },
  "version": 1
}
