{
  "object": {
    "pins": [
      {
        "package": "JuiceUI",
        "repositoryURL": "/Users/matthewwyskiel/Documents/Developer/iOS/Libraries/JuiceUI",
        "state": {
          "branch": "master",
          "revision": "b12437a1da87e63e5447428c53ba93d4b0438e42",
          "version": null
        }
      }
    ]
  },
  "version": 1
}
