{
  "object": {
    "pins": [
      {
        "package": "JuiceUI",
        "repositoryURL": "/Users/matthewwyskiel/Documents/Developer/iOS/Libraries/JuiceUI",
        "state": {
          "branch": "master",
          "revision": "edebaca376e1751fc2eeb8cecf2e6ffeb4cb32cc",
          "version": null
        }
      }
    ]
  },
  "version": 1
}
